
Microsoft Visual Studio Solution File, Format Version 12.00
# Visual Studio Version 17
VisualStudioVersion = 17.0.31903.59
MinimumVisualStudioVersion = 10.0.40219.1
Project("{FAE04EC0-301F-11D3-BF4B-00C04F79EFBC}") = "KLExtensions2022", "KLExtensions2022\KLExtensions2022.csproj", "{98BAEE83-33D2-4BB0-8DC5-BF88CA94B35A}"
EndProject
Global
	GlobalSection(SolutionConfigurationPlatforms) = preSolution
		Debug|Any CPU = Debug|Any CPU
		Debug|x86 = Debug|x86
		Release|Any CPU = Release|Any CPU
		Release|x86 = Release|x86
	EndGlobalSection
	GlobalSection(ProjectConfigurationPlatforms) = postSolution
		{98BAEE83-33D2-4BB0-8DC5-BF88CA94B35A}.Debug|Any CPU.ActiveCfg = Debug|Any CPU
		{98BAEE83-33D2-4BB0-8DC5-BF88CA94B35A}.Debug|Any CPU.Build.0 = Debug|Any CPU
		{98BAEE83-33D2-4BB0-8DC5-BF88CA94B35A}.Debug|x86.ActiveCfg = Debug|x86
		{98BAEE83-33D2-4BB0-8DC5-BF88CA94B35A}.Debug|x86.Build.0 = Debug|x86
		{98BAEE83-33D2-4BB0-8DC5-BF88CA94B35A}.Release|Any CPU.ActiveCfg = Release|Any CPU
		{98BAEE83-33D2-4BB0-8DC5-BF88CA94B35A}.Release|Any CPU.Build.0 = Release|Any CPU
		{98BAEE83-33D2-4BB0-8DC5-BF88CA94B35A}.Release|x86.ActiveCfg = Release|x86
		{98BAEE83-33D2-4BB0-8DC5-BF88CA94B35A}.Release|x86.Build.0 = Release|x86
	EndGlobalSection
	GlobalSection(SolutionProperties) = preSolution
		HideSolutionNode = FALSE
	EndGlobalSection
	GlobalSection(ExtensibilityGlobals) = postSolution
		SolutionGuid = {2710CCDF-AF11-41BB-AFA5-A8D194B9ECF4}
	EndGlobalSection
EndGlobal
